// !$*UTF8*$!
{
	archiveVersion = 1;
	classes = {
	};
	objectVersion = 46;
	objects = {

/* Begin PBXBuildFile section */
		57CE906A1AB66E840036F4BE /* main.m in Sources */ = {isa = PBXBuildFile; fileRef = 57CE90691AB66E840036F4BE /* main.m */; };
		57CE907E1AB67A0A0036F4BE /* HttpProxy.m in Sources */ = {isa = PBXBuildFile; fileRef = 57CE907D1AB67A0A0036F4BE /* HttpProxy.m */; };
/* End PBXBuildFile section */

/* Begin PBXCopyFilesBuildPhase section */
		57CE90641AB66E840036F4BE /* CopyFiles */ = {
			isa = PBXCopyFilesBuildPhase;
			buildActionMask = 2147483647;
			dstPath = /usr/share/man/man1/;
			dstSubfolderSpec = 0;
			files = (
			);
			runOnlyForDeploymentPostprocessing = 1;
		};
/* End PBXCopyFilesBuildPhase section */

/* Begin PBXFileReference section */
		57CE90661AB66E840036F4BE /* NSProxy */ = {isa = PBXFileReference; explicitFileType = "compiled.mach-o.executable"; includeInIndex = 0; path = NSProxy; sourceTree = BUILT_PRODUCTS_DIR; };
		57CE90691AB66E840036F4BE /* main.m */ = {isa = PBXFileReference; lastKnownFileType = sourcecode.c.objc; path = main.m; sourceTree = "<group>"; };
		57CE90761AB679910036F4BE /* UserHttpHandler.h */ = {isa = PBXFileReference; fileEncoding = 4; lastKnownFileType = sourcecode.c.h; path = UserHttpHandler.h; sourceTree = "<group>"; };
		57CE90791AB679A30036F4BE /* CommentHttpHandler.h */ = {isa = PBXFileReference; fileEncoding = 4; lastKnownFileType = sourcecode.c.h; path = CommentHttpHandler.h; sourceTree = "<group>"; };
		57CE907C1AB67A0A0036F4BE /* HttpProxy.h */ = {isa = PBXFileReference; fileEncoding = 4; lastKnownFileType = sourcecode.c.h; path = HttpProxy.h; sourceTree = "<group>"; };
		57CE907D1AB67A0A0036F4BE /* HttpProxy.m */ = {isa = PBXFileReference; fileEncoding = 4; lastKnownFileType = sourcecode.c.objc; path = HttpProxy.m; sourceTree = "<group>"; };
/* End PBXFileReference section */

/* Begin PBXFrameworksBuildPhase section */
		57CE90631AB66E840036F4BE /* Frameworks */ = {
			isa = PBXFrameworksBuildPhase;
			buildActionMask = 2147483647;
			files = (
			);
			runOnlyForDeploymentPostprocessing = 0;
		};
/* End PBXFrameworksBuildPhase section */

/* Begin PBXGroup section */
		57CE905D1AB66E830036F4BE = {
			isa = PBXGroup;
			children = (
				57CE90681AB66E840036F4BE /* NSProxy */,
				57CE90671AB66E840036F4BE /* Products */,
			);
			sourceTree = "<group>";
		};
		57CE90671AB66E840036F4BE /* Products */ = {
			isa = PBXGroup;
			children = (
				57CE90661AB66E840036F4BE /* NSProxy */,
			);
			name = Products;
			sourceTree = "<group>";
		};
		57CE90681AB66E840036F4BE /* NSProxy */ = {
			isa = PBXGroup;
			children = (
				57CE90691AB66E840036F4BE /* main.m */,
				57CE90761AB679910036F4BE /* UserHttpHandler.h */,
				57CE90791AB679A30036F4BE /* CommentHttpHandler.h */,
				57CE907C1AB67A0A0036F4BE /* HttpProxy.h */,
				57CE907D1AB67A0A0036F4BE /* HttpProxy.m */,
			);
			path = NSProxy;
			sourceTree = "<group>";
		};
/* End PBXGroup section */

/* Begin PBXNativeTarget section */
		57CE90651AB66E840036F4BE /* NSProxy */ = {
			isa = PBXNativeTarget;
			buildConfigurationList = 57CE906D1AB66E840036F4BE /* Build configuration list for PBXNativeTarget "NSProxy" */;
			buildPhases = (
				57CE90621AB66E840036F4BE /* Sources */,
				57CE90631AB66E840036F4BE /* Frameworks */,
				57CE90641AB66E840036F4BE /* CopyFiles */,
			);
			buildRules = (
			);
			dependencies = (
			);
			name = NSProxy;
			productName = NSProxy;
			productReference = 57CE90661AB66E840036F4BE /* NSProxy */;
			productType = "com.apple.product-type.tool";
		};
/* End PBXNativeTarget section */

/* Begin PBXProject section */
		57CE905E1AB66E830036F4BE /* Project object */ = {
			isa = PBXProject;
			attributes = {
				LastUpgradeCheck = 0620;
				ORGANIZATIONNAME = NationSky;
				TargetAttributes = {
					57CE90651AB66E840036F4BE = {
						CreatedOnToolsVersion = 6.2;
					};
				};
			};
			buildConfigurationList = 57CE90611AB66E840036F4BE /* Build configuration list for PBXProject "NSProxy" */;
			compatibilityVersion = "Xcode 3.2";
			developmentRegion = English;
			hasScannedForEncodings = 0;
			knownRegions = (
				en,
			);
			mainGroup = 57CE905D1AB66E830036F4BE;
			productRefGroup = 57CE90671AB66E840036F4BE /* Products */;
			projectDirPath = "";
			projectRoot = "";
			targets = (
				57CE90651AB66E840036F4BE /* NSProxy */,
			);
		};
/* End PBXProject section */

/* Begin PBXSourcesBuildPhase section */
		57CE90621AB66E840036F4BE /* Sources */ = {
			isa = PBXSourcesBuildPhase;
			buildActionMask = 2147483647;
			files = (
				57CE907E1AB67A0A0036F4BE /* HttpProxy.m in Sources */,
				57CE906A1AB66E840036F4BE /* main.m in Sources */,
			);
			runOnlyForDeploymentPostprocessing = 0;
		};
/* End PBXSourcesBuildPhase section */

/* Begin XCBuildConfiguration section */
		57CE906B1AB66E840036F4BE /* Debug */ = {
			isa = XCBuildConfiguration;
			buildSettings = {
				ALWAYS_SEARCH_USER_PATHS = NO;
				CLANG_CXX_LANGUAGE_STANDARD = "gnu++0x";
				CLANG_CXX_LIBRARY = "libc++";
				CLANG_ENABLE_MODULES = YES;
				CLANG_ENABLE_OBJC_ARC = YES;
				CLANG_WARN_BOOL_CONVERSION = YES;
				CLANG_WARN_CONSTANT_CONVERSION = YES;
				CLANG_WARN_DIRECT_OBJC_ISA_USAGE = YES_ERROR;
				CLANG_WARN_EMPTY_BODY = YES;
				CLANG_WARN_ENUM_CONVERSION = YES;
				CLANG_WARN_INT_CONVERSION = YES;
				CLANG_WARN_OBJC_ROOT_CLASS = YES_ERROR;
				CLANG_WARN_UNREACHABLE_CODE = YES;
				CLANG_WARN__DUPLICATE_METHOD_MATCH = YES;
				COPY_PHASE_STRIP = NO;
				ENABLE_STRICT_OBJC_MSGSEND = YES;
				GCC_C_LANGUAGE_STANDARD = gnu99;
				GCC_DYNAMIC_NO_PIC = NO;
				GCC_OPTIMIZATION_LEVEL = 0;
				GCC_PREPROCESSOR_DEFINITIONS = (
					"DEBUG=1",
					"$(inherited)",
				);
				GCC_SYMBOLS_PRIVATE_EXTERN = NO;
				GCC_WARN_64_TO_32_BIT_CONVERSION = YES;
				GCC_WARN_ABOUT_RETURN_TYPE = YES_ERROR;
				GCC_WARN_UNDECLARED_SELECTOR = YES;
				GCC_WARN_UNINITIALIZED_AUTOS = YES_AGGRESSIVE;
				GCC_WARN_UNUSED_FUNCTION = YES;
				GCC_WARN_UNUSED_VARIABLE = YES;
				MACOSX_DEPLOYMENT_TARGET = 10.10;
				MTL_ENABLE_DEBUG_INFO = YES;
				ONLY_ACTIVE_ARCH = YES;
				SDKROOT = macosx;
			};
			name = Debug;
		};
		57CE906C1AB66E840036F4BE /* Release */ = {
			isa = XCBuildConfiguration;
			buildSettings = {
				ALWAYS_SEARCH_USER_PATHS = NO;
				CLANG_CXX_LANGUAGE_STANDARD = "gnu++0x";
				CLANG_CXX_LIBRARY = "libc++";
				CLANG_ENABLE_MODULES = YES;
				CLANG_ENABLE_OBJC_ARC = YES;
				CLANG_WARN_BOOL_CONVERSION = YES;
				CLANG_WARN_CONSTANT_CONVERSION = YES;
				CLANG_WARN_DIRECT_OBJC_ISA_USAGE = YES_ERROR;
				CLANG_WARN_EMPTY_BODY = YES;
				CLANG_WARN_ENUM_CONVERSION = YES;
				CLANG_WARN_INT_CONVERSION = YES;
				CLANG_WARN_OBJC_ROOT_CLASS = YES_ERROR;
				CLANG_WARN_UNREACHABLE_CODE = YES;
				CLANG_WARN__DUPLICATE_METHOD_MATCH = YES;
				COPY_PHASE_STRIP = NO;
				DEBUG_INFORMATION_FORMAT = "dwarf-with-dsym";
				ENABLE_NS_ASSERTIONS = NO;
				ENABLE_STRICT_OBJC_MSGSEND = YES;
				GCC_C_LANGUAGE_STANDARD = gnu99;
				GCC_WARN_64_TO_32_BIT_CONVERSION = YES;
				GCC_WARN_ABOUT_RETURN_TYPE = YES_ERROR;
				GCC_WARN_UNDECLARED_SELECTOR = YES;
				GCC_WARN_UNINITIALIZED_AUTOS = YES_AGGRESSIVE;
				GCC_WARN_UNUSED_FUNCTION = YES;
				GCC_WARN_UNUSED_VARIABLE = YES;
				MACOSX_DEPLOYMENT_TARGET = 10.10;
				MTL_ENABLE_DEBUG_INFO = NO;
				SDKROOT = macosx;
			};
			name = Release;
		};
		57CE906E1AB66E840036F4BE /* Debug */ = {
			isa = XCBuildConfiguration;
			buildSettings = {
				PRODUCT_NAME = "$(TARGET_NAME)";
			};
			name = Debug;
		};
		57CE906F1AB66E840036F4BE /* Release */ = {
			isa = XCBuildConfiguration;
			buildSettings = {
				PRODUCT_NAME = "$(TARGET_NAME)";
			};
			name = Release;
		};
/* End XCBuildConfiguration section */

/* Begin XCConfigurationList section */
		57CE90611AB66E840036F4BE /* Build configuration list for PBXProject "NSProxy" */ = {
			isa = XCConfigurationList;
			buildConfigurations = (
				57CE906B1AB66E840036F4BE /* Debug */,
				57CE906C1AB66E840036F4BE /* Release */,
			);
			defaultConfigurationIsVisible = 0;
			defaultConfigurationName = Release;
		};
		57CE906D1AB66E840036F4BE /* Build configuration list for PBXNativeTarget "NSProxy" */ = {
			isa = XCConfigurationList;
			buildConfigurations = (
				57CE906E1AB66E840036F4BE /* Debug */,
				57CE906F1AB66E840036F4BE /* Release */,
			);
			defaultConfigurationIsVisible = 0;
			defaultConfigurationName = Release;
		};
/* End XCConfigurationList section */
	};
	rootObject = 57CE905E1AB66E830036F4BE /* Project object */;
}
